
Microsoft Visual Studio Solution File, Format Version 12.00
# Visual Studio 14
VisualStudioVersion = 14.0.24720.0
MinimumVisualStudioVersion = 10.0.40219.1
Project("{2150E333-8FDC-42A3-9474-1A3956D46DE8}") = "src", "src", "{3B9178CD-20D4-4CBF-AC31-44844611021A}"
EndProject
Project("{2150E333-8FDC-42A3-9474-1A3956D46DE8}") = "Solution Items", "Solution Items", "{5F08BF53-2BB4-4EE6-8720-69E196229FF0}"
	ProjectSection(SolutionItems) = preProject
		global.json = global.json
	EndProjectSection
EndProject
Project("{8BB2217D-0F2D-49D1-97BC-3654ED321F3B}") = "Kevull.Invoices.Api", "src\Kevull.Invoices.Api\Kevull.Invoices.Api.xproj", "{8DF13A09-0083-49FE-BCF9-3B930C4B2359}"
EndProject
Project("{8BB2217D-0F2D-49D1-97BC-3654ED321F3B}") = "Kevull.Invoices.Entities", "src\Kevull.Invoices.Entities\Kevull.Invoices.Entities.xproj", "{C90E95EB-57A3-479A-83CE-822B86714B32}"
EndProject
Project("{8BB2217D-0F2D-49D1-97BC-3654ED321F3B}") = "Kevull.Invoices.Persistence", "src\Kevull.Invoices.Persistence\Kevull.Invoices.Persistence.xproj", "{2783AC83-9D1C-46D4-9076-332B02827F5C}"
EndProject
Project("{8BB2217D-0F2D-49D1-97BC-3654ED321F3B}") = "Kevull.Invoices.Services", "src\Kevull.Invoices.Services\Kevull.Invoices.Services.xproj", "{07ABABB6-DAAD-4093-A0D2-1794621124F6}"
EndProject
Project("{8BB2217D-0F2D-49D1-97BC-3654ED321F3B}") = "Kevull.Invoices", "src\Kevull.Invoices\Kevull.Invoices.xproj", "{D948C95F-C85A-4402-A6D1-AC5796C21059}"
EndProject
Global
	GlobalSection(SolutionConfigurationPlatforms) = preSolution
		Debug|Any CPU = Debug|Any CPU
		Release|Any CPU = Release|Any CPU
	EndGlobalSection
	GlobalSection(ProjectConfigurationPlatforms) = postSolution
		{8DF13A09-0083-49FE-BCF9-3B930C4B2359}.Debug|Any CPU.ActiveCfg = Debug|Any CPU
		{8DF13A09-0083-49FE-BCF9-3B930C4B2359}.Debug|Any CPU.Build.0 = Debug|Any CPU
		{8DF13A09-0083-49FE-BCF9-3B930C4B2359}.Release|Any CPU.ActiveCfg = Release|Any CPU
		{8DF13A09-0083-49FE-BCF9-3B930C4B2359}.Release|Any CPU.Build.0 = Release|Any CPU
		{C90E95EB-57A3-479A-83CE-822B86714B32}.Debug|Any CPU.ActiveCfg = Debug|Any CPU
		{C90E95EB-57A3-479A-83CE-822B86714B32}.Debug|Any CPU.Build.0 = Debug|Any CPU
		{C90E95EB-57A3-479A-83CE-822B86714B32}.Release|Any CPU.ActiveCfg = Release|Any CPU
		{C90E95EB-57A3-479A-83CE-822B86714B32}.Release|Any CPU.Build.0 = Release|Any CPU
		{2783AC83-9D1C-46D4-9076-332B02827F5C}.Debug|Any CPU.ActiveCfg = Debug|Any CPU
		{2783AC83-9D1C-46D4-9076-332B02827F5C}.Debug|Any CPU.Build.0 = Debug|Any CPU
		{2783AC83-9D1C-46D4-9076-332B02827F5C}.Release|Any CPU.ActiveCfg = Release|Any CPU
		{2783AC83-9D1C-46D4-9076-332B02827F5C}.Release|Any CPU.Build.0 = Release|Any CPU
		{07ABABB6-DAAD-4093-A0D2-1794621124F6}.Debug|Any CPU.ActiveCfg = Debug|Any CPU
		{07ABABB6-DAAD-4093-A0D2-1794621124F6}.Debug|Any CPU.Build.0 = Debug|Any CPU
		{07ABABB6-DAAD-4093-A0D2-1794621124F6}.Release|Any CPU.ActiveCfg = Release|Any CPU
		{07ABABB6-DAAD-4093-A0D2-1794621124F6}.Release|Any CPU.Build.0 = Release|Any CPU
		{D948C95F-C85A-4402-A6D1-AC5796C21059}.Debug|Any CPU.ActiveCfg = Debug|Any CPU
		{D948C95F-C85A-4402-A6D1-AC5796C21059}.Debug|Any CPU.Build.0 = Debug|Any CPU
		{D948C95F-C85A-4402-A6D1-AC5796C21059}.Release|Any CPU.ActiveCfg = Release|Any CPU
		{D948C95F-C85A-4402-A6D1-AC5796C21059}.Release|Any CPU.Build.0 = Release|Any CPU
	EndGlobalSection
	GlobalSection(SolutionProperties) = preSolution
		HideSolutionNode = FALSE
	EndGlobalSection
	GlobalSection(NestedProjects) = preSolution
		{8DF13A09-0083-49FE-BCF9-3B930C4B2359} = {3B9178CD-20D4-4CBF-AC31-44844611021A}
		{C90E95EB-57A3-479A-83CE-822B86714B32} = {3B9178CD-20D4-4CBF-AC31-44844611021A}
		{2783AC83-9D1C-46D4-9076-332B02827F5C} = {3B9178CD-20D4-4CBF-AC31-44844611021A}
		{07ABABB6-DAAD-4093-A0D2-1794621124F6} = {3B9178CD-20D4-4CBF-AC31-44844611021A}
		{D948C95F-C85A-4402-A6D1-AC5796C21059} = {3B9178CD-20D4-4CBF-AC31-44844611021A}
	EndGlobalSection
EndGlobal
